
Microsoft Visual Studio Solution File, Format Version 12.00
# Visual Studio Version 17
VisualStudioVersion = 17.0.32126.317
MinimumVisualStudioVersion = 10.0.40219.1
Project("{FAE04EC0-301F-11D3-BF4B-00C04F79EFBC}") = "FAEventGridTrigger", "FAEventGridTrigger\FAEventGridTrigger.csproj", "{DB23F32F-6D4A-4539-891C-1737CD9E05BB}"
EndProject
Global
	GlobalSection(SolutionConfigurationPlatforms) = preSolution
		Debug|Any CPU = Debug|Any CPU
		Release|Any CPU = Release|Any CPU
	EndGlobalSection
	GlobalSection(ProjectConfigurationPlatforms) = postSolution
		{DB23F32F-6D4A-4539-891C-1737CD9E05BB}.Debug|Any CPU.ActiveCfg = Debug|Any CPU
		{DB23F32F-6D4A-4539-891C-1737CD9E05BB}.Debug|Any CPU.Build.0 = Debug|Any CPU
		{DB23F32F-6D4A-4539-891C-1737CD9E05BB}.Release|Any CPU.ActiveCfg = Release|Any CPU
		{DB23F32F-6D4A-4539-891C-1737CD9E05BB}.Release|Any CPU.Build.0 = Release|Any CPU
	EndGlobalSection
	GlobalSection(SolutionProperties) = preSolution
		HideSolutionNode = FALSE
	EndGlobalSection
	GlobalSection(ExtensibilityGlobals) = postSolution
		SolutionGuid = {1643510E-81D6-4CC5-92CF-B88303525CD2}
	EndGlobalSection
EndGlobal
